
Microsoft Visual Studio Solution File, Format Version 12.00
# Visual Studio Version 16
VisualStudioVersion = 25.0.1706.7
MinimumVisualStudioVersion = 10.0.40219.1
Project("{FAE04EC0-301F-11D3-BF4B-00C04F79EFBC}") = "Smis.MongoDb.Lib", "Smis.MongoDb.Lib\Smis.MongoDb.Lib.csproj", "{6C248977-3100-439A-9264-F2AF022A5B57}"
EndProject
Global
	GlobalSection(SolutionConfigurationPlatforms) = preSolution
		Debug|Any CPU = Debug|Any CPU
		Release|Any CPU = Release|Any CPU
	EndGlobalSection
	GlobalSection(ProjectConfigurationPlatforms) = postSolution
		{6C248977-3100-439A-9264-F2AF022A5B57}.Debug|Any CPU.ActiveCfg = Debug|Any CPU
		{6C248977-3100-439A-9264-F2AF022A5B57}.Debug|Any CPU.Build.0 = Debug|Any CPU
		{6C248977-3100-439A-9264-F2AF022A5B57}.Release|Any CPU.ActiveCfg = Release|Any CPU
		{6C248977-3100-439A-9264-F2AF022A5B57}.Release|Any CPU.Build.0 = Release|Any CPU
	EndGlobalSection
	GlobalSection(SolutionProperties) = preSolution
		HideSolutionNode = FALSE
	EndGlobalSection
	GlobalSection(ExtensibilityGlobals) = postSolution
		SolutionGuid = {D52D206A-C99F-43E5-81FC-6E72DDAC646A}
	EndGlobalSection
EndGlobal
